
Microsoft Visual Studio Solution File, Format Version 12.00
# Visual Studio Version 16
VisualStudioVersion = 16.0.30114.105
MinimumVisualStudioVersion = 10.0.40219.1
Project("{FAE04EC0-301F-11D3-BF4B-00C04F79EFBC}") = "API", "API\API.csproj", "{EC0CFE97-9322-4976-AD13-6485F30E549A}"
EndProject
Project("{FAE04EC0-301F-11D3-BF4B-00C04F79EFBC}") = "Application", "Application\Application.csproj", "{FA07C565-C7F7-4908-A21C-2DC362CA0379}"
EndProject
Project("{FAE04EC0-301F-11D3-BF4B-00C04F79EFBC}") = "Domain", "Domain\Domain.csproj", "{C7DF64AF-8F6E-43C2-BAFF-929473CCA625}"
EndProject
Project("{FAE04EC0-301F-11D3-BF4B-00C04F79EFBC}") = "Persistence", "Persistence\Persistence.csproj", "{C0C60621-20C1-450F-9251-94A7329CEC62}"
EndProject
Global
	GlobalSection(SolutionConfigurationPlatforms) = preSolution
		Debug|Any CPU = Debug|Any CPU
		Debug|x64 = Debug|x64
		Debug|x86 = Debug|x86
		Release|Any CPU = Release|Any CPU
		Release|x64 = Release|x64
		Release|x86 = Release|x86
	EndGlobalSection
	GlobalSection(SolutionProperties) = preSolution
		HideSolutionNode = FALSE
	EndGlobalSection
	GlobalSection(ProjectConfigurationPlatforms) = postSolution
		{EC0CFE97-9322-4976-AD13-6485F30E549A}.Debug|Any CPU.ActiveCfg = Debug|Any CPU
		{EC0CFE97-9322-4976-AD13-6485F30E549A}.Debug|Any CPU.Build.0 = Debug|Any CPU
		{EC0CFE97-9322-4976-AD13-6485F30E549A}.Debug|x64.ActiveCfg = Debug|Any CPU
		{EC0CFE97-9322-4976-AD13-6485F30E549A}.Debug|x64.Build.0 = Debug|Any CPU
		{EC0CFE97-9322-4976-AD13-6485F30E549A}.Debug|x86.ActiveCfg = Debug|Any CPU
		{EC0CFE97-9322-4976-AD13-6485F30E549A}.Debug|x86.Build.0 = Debug|Any CPU
		{EC0CFE97-9322-4976-AD13-6485F30E549A}.Release|Any CPU.ActiveCfg = Release|Any CPU
		{EC0CFE97-9322-4976-AD13-6485F30E549A}.Release|Any CPU.Build.0 = Release|Any CPU
		{EC0CFE97-9322-4976-AD13-6485F30E549A}.Release|x64.ActiveCfg = Release|Any CPU
		{EC0CFE97-9322-4976-AD13-6485F30E549A}.Release|x64.Build.0 = Release|Any CPU
		{EC0CFE97-9322-4976-AD13-6485F30E549A}.Release|x86.ActiveCfg = Release|Any CPU
		{EC0CFE97-9322-4976-AD13-6485F30E549A}.Release|x86.Build.0 = Release|Any CPU
		{FA07C565-C7F7-4908-A21C-2DC362CA0379}.Debug|Any CPU.ActiveCfg = Debug|Any CPU
		{FA07C565-C7F7-4908-A21C-2DC362CA0379}.Debug|Any CPU.Build.0 = Debug|Any CPU
		{FA07C565-C7F7-4908-A21C-2DC362CA0379}.Debug|x64.ActiveCfg = Debug|Any CPU
		{FA07C565-C7F7-4908-A21C-2DC362CA0379}.Debug|x64.Build.0 = Debug|Any CPU
		{FA07C565-C7F7-4908-A21C-2DC362CA0379}.Debug|x86.ActiveCfg = Debug|Any CPU
		{FA07C565-C7F7-4908-A21C-2DC362CA0379}.Debug|x86.Build.0 = Debug|Any CPU
		{FA07C565-C7F7-4908-A21C-2DC362CA0379}.Release|Any CPU.ActiveCfg = Release|Any CPU
		{FA07C565-C7F7-4908-A21C-2DC362CA0379}.Release|Any CPU.Build.0 = Release|Any CPU
		{FA07C565-C7F7-4908-A21C-2DC362CA0379}.Release|x64.ActiveCfg = Release|Any CPU
		{FA07C565-C7F7-4908-A21C-2DC362CA0379}.Release|x64.Build.0 = Release|Any CPU
		{FA07C565-C7F7-4908-A21C-2DC362CA0379}.Release|x86.ActiveCfg = Release|Any CPU
		{FA07C565-C7F7-4908-A21C-2DC362CA0379}.Release|x86.Build.0 = Release|Any CPU
		{C7DF64AF-8F6E-43C2-BAFF-929473CCA625}.Debug|Any CPU.ActiveCfg = Debug|Any CPU
		{C7DF64AF-8F6E-43C2-BAFF-929473CCA625}.Debug|Any CPU.Build.0 = Debug|Any CPU
		{C7DF64AF-8F6E-43C2-BAFF-929473CCA625}.Debug|x64.ActiveCfg = Debug|Any CPU
		{C7DF64AF-8F6E-43C2-BAFF-929473CCA625}.Debug|x64.Build.0 = Debug|Any CPU
		{C7DF64AF-8F6E-43C2-BAFF-929473CCA625}.Debug|x86.ActiveCfg = Debug|Any CPU
		{C7DF64AF-8F6E-43C2-BAFF-929473CCA625}.Debug|x86.Build.0 = Debug|Any CPU
		{C7DF64AF-8F6E-43C2-BAFF-929473CCA625}.Release|Any CPU.ActiveCfg = Release|Any CPU
		{C7DF64AF-8F6E-43C2-BAFF-929473CCA625}.Release|Any CPU.Build.0 = Release|Any CPU
		{C7DF64AF-8F6E-43C2-BAFF-929473CCA625}.Release|x64.ActiveCfg = Release|Any CPU
		{C7DF64AF-8F6E-43C2-BAFF-929473CCA625}.Release|x64.Build.0 = Release|Any CPU
		{C7DF64AF-8F6E-43C2-BAFF-929473CCA625}.Release|x86.ActiveCfg = Release|Any CPU
		{C7DF64AF-8F6E-43C2-BAFF-929473CCA625}.Release|x86.Build.0 = Release|Any CPU
		{C0C60621-20C1-450F-9251-94A7329CEC62}.Debug|Any CPU.ActiveCfg = Debug|Any CPU
		{C0C60621-20C1-450F-9251-94A7329CEC62}.Debug|Any CPU.Build.0 = Debug|Any CPU
		{C0C60621-20C1-450F-9251-94A7329CEC62}.Debug|x64.ActiveCfg = Debug|Any CPU
		{C0C60621-20C1-450F-9251-94A7329CEC62}.Debug|x64.Build.0 = Debug|Any CPU
		{C0C60621-20C1-450F-9251-94A7329CEC62}.Debug|x86.ActiveCfg = Debug|Any CPU
		{C0C60621-20C1-450F-9251-94A7329CEC62}.Debug|x86.Build.0 = Debug|Any CPU
		{C0C60621-20C1-450F-9251-94A7329CEC62}.Release|Any CPU.ActiveCfg = Release|Any CPU
		{C0C60621-20C1-450F-9251-94A7329CEC62}.Release|Any CPU.Build.0 = Release|Any CPU
		{C0C60621-20C1-450F-9251-94A7329CEC62}.Release|x64.ActiveCfg = Release|Any CPU
		{C0C60621-20C1-450F-9251-94A7329CEC62}.Release|x64.Build.0 = Release|Any CPU
		{C0C60621-20C1-450F-9251-94A7329CEC62}.Release|x86.ActiveCfg = Release|Any CPU
		{C0C60621-20C1-450F-9251-94A7329CEC62}.Release|x86.Build.0 = Release|Any CPU
	EndGlobalSection
EndGlobal
